// !$*UTF8*$!
{
	archiveVersion = 1;
	classes = {
	};
	objectVersion = 50;
	objects = {

/* Begin PBXBuildFile section */
		4796F20FE0DF1F7FA0FE840D /* libPods-KurnosovWeather.a in Frameworks */ = {isa = PBXBuildFile; fileRef = E4B0C64B299C8F1FA377B3C8 /* libPods-KurnosovWeather.a */; };
		8435A07C23F852BF001D2592 /* CurrenWeatherViewModel.swift in Sources */ = {isa = PBXBuildFile; fileRef = 8435A07B23F852BF001D2592 /* CurrenWeatherViewModel.swift */; };
		8435A08024001DB1001D2592 /* CompositionRoot.swift in Sources */ = {isa = PBXBuildFile; fileRef = 8435A07F24001DB1001D2592 /* CompositionRoot.swift */; };
		8435A08224001F92001D2592 /* RealmDB.swift in Sources */ = {isa = PBXBuildFile; fileRef = 8435A08124001F92001D2592 /* RealmDB.swift */; };
		8435A087240045F8001D2592 /* DependencyClient.swift in Sources */ = {isa = PBXBuildFile; fileRef = 8435A086240045F8001D2592 /* DependencyClient.swift */; };
		8435A08A240047EA001D2592 /* CurrentWeatherViewModelProtocol.swift in Sources */ = {isa = PBXBuildFile; fileRef = 8435A089240047EA001D2592 /* CurrentWeatherViewModelProtocol.swift */; };
		845539022403B149006EE3E7 /* GetMeasurementHistoryInteractorProtocol.swift in Sources */ = {isa = PBXBuildFile; fileRef = 845539012403B149006EE3E7 /* GetMeasurementHistoryInteractorProtocol.swift */; };
		845539042403B28A006EE3E7 /* GetMeasurementHistoryInteractor.swift in Sources */ = {isa = PBXBuildFile; fileRef = 845539032403B28A006EE3E7 /* GetMeasurementHistoryInteractor.swift */; };
		845539082403BC84006EE3E7 /* WeatherHistoryViewController.swift in Sources */ = {isa = PBXBuildFile; fileRef = 845539072403BC84006EE3E7 /* WeatherHistoryViewController.swift */; };
		8455390E2403D280006EE3E7 /* HistoryTableViewCell.swift in Sources */ = {isa = PBXBuildFile; fileRef = 8455390C2403D280006EE3E7 /* HistoryTableViewCell.swift */; };
		8455390F2403D280006EE3E7 /* HistoryTableViewCell.xib in Resources */ = {isa = PBXBuildFile; fileRef = 8455390D2403D280006EE3E7 /* HistoryTableViewCell.xib */; };
		845539112403D60C006EE3E7 /* HistoryViewModelProtocol.swift in Sources */ = {isa = PBXBuildFile; fileRef = 845539102403D60C006EE3E7 /* HistoryViewModelProtocol.swift */; };
		845539132403D6BD006EE3E7 /* HistoryCellViewState.swift in Sources */ = {isa = PBXBuildFile; fileRef = 845539122403D6BD006EE3E7 /* HistoryCellViewState.swift */; };
		849F3E582403E78400FAD50D /* HistoryViewModel.swift in Sources */ = {isa = PBXBuildFile; fileRef = 849F3E572403E78400FAD50D /* HistoryViewModel.swift */; };
		84BE3B3C23F59D650063F1E4 /* AppDelegate.swift in Sources */ = {isa = PBXBuildFile; fileRef = 84BE3B3B23F59D650063F1E4 /* AppDelegate.swift */; };
		84BE3B3E23F59D650063F1E4 /* SceneDelegate.swift in Sources */ = {isa = PBXBuildFile; fileRef = 84BE3B3D23F59D650063F1E4 /* SceneDelegate.swift */; };
		84BE3B4023F59D650063F1E4 /* CurrentWeatherViewController.swift in Sources */ = {isa = PBXBuildFile; fileRef = 84BE3B3F23F59D650063F1E4 /* CurrentWeatherViewController.swift */; };
		84BE3B4323F59D650063F1E4 /* Main.storyboard in Resources */ = {isa = PBXBuildFile; fileRef = 84BE3B4123F59D650063F1E4 /* Main.storyboard */; };
		84BE3B4523F59D690063F1E4 /* Assets.xcassets in Resources */ = {isa = PBXBuildFile; fileRef = 84BE3B4423F59D690063F1E4 /* Assets.xcassets */; };
		84BE3B4823F59D690063F1E4 /* LaunchScreen.storyboard in Resources */ = {isa = PBXBuildFile; fileRef = 84BE3B4623F59D690063F1E4 /* LaunchScreen.storyboard */; };
		84BE3B5323F59D690063F1E4 /* KurnosovWeatherTests.swift in Sources */ = {isa = PBXBuildFile; fileRef = 84BE3B5223F59D690063F1E4 /* KurnosovWeatherTests.swift */; };
		84BE3B5E23F59D690063F1E4 /* KurnosovWeatherUITests.swift in Sources */ = {isa = PBXBuildFile; fileRef = 84BE3B5D23F59D690063F1E4 /* KurnosovWeatherUITests.swift */; };
		84D1F0C923F5C88200877FC2 /* WeatherLoaderTest.swift in Sources */ = {isa = PBXBuildFile; fileRef = 84D1F0C823F5C88200877FC2 /* WeatherLoaderTest.swift */; };
		84D1F0D223F8190E00877FC2 /* GetWeatherInteractor.swift in Sources */ = {isa = PBXBuildFile; fileRef = 84D1F0D123F8190E00877FC2 /* GetWeatherInteractor.swift */; };
		84D1F0D623F8197600877FC2 /* GetWeatherInteractorProtocol.swift in Sources */ = {isa = PBXBuildFile; fileRef = 84D1F0D523F8197600877FC2 /* GetWeatherInteractorProtocol.swift */; };
		84D1F0D923F81A8400877FC2 /* AKWeather.swift in Sources */ = {isa = PBXBuildFile; fileRef = 84D1F0D823F81A8400877FC2 /* AKWeather.swift */; };
		84D1F0DB23F81AE300877FC2 /* AKLocation.swift in Sources */ = {isa = PBXBuildFile; fileRef = 84D1F0DA23F81AE300877FC2 /* AKLocation.swift */; };
		84D1F0DD23F831FA00877FC2 /* AKWeatherMeasurement.swift in Sources */ = {isa = PBXBuildFile; fileRef = 84D1F0DC23F831FA00877FC2 /* AKWeatherMeasurement.swift */; };
		84D1F0E423F8359D00877FC2 /* LocationLoader.swift in Sources */ = {isa = PBXBuildFile; fileRef = 84D1F0E223F8359D00877FC2 /* LocationLoader.swift */; };
		84D1F0E523F8359D00877FC2 /* WeatherLoader.swift in Sources */ = {isa = PBXBuildFile; fileRef = 84D1F0E323F8359D00877FC2 /* WeatherLoader.swift */; };
		84D1F0E723F835B900877FC2 /* LocationLoaderProtocol.swift in Sources */ = {isa = PBXBuildFile; fileRef = 84D1F0E623F835B900877FC2 /* LocationLoaderProtocol.swift */; };
		84D1F0E923F8360C00877FC2 /* WeatherLoaderProtocol.swift in Sources */ = {isa = PBXBuildFile; fileRef = 84D1F0E823F8360C00877FC2 /* WeatherLoaderProtocol.swift */; };
		84D1F0EB23F8366000877FC2 /* DBProtocol.swift in Sources */ = {isa = PBXBuildFile; fileRef = 84D1F0EA23F8366000877FC2 /* DBProtocol.swift */; };
		8CE9037ACEED7C7E44AC827D /* libPods-KurnosovWeatherTests.a in Frameworks */ = {isa = PBXBuildFile; fileRef = 42482057B5D651137CCE23B3 /* libPods-KurnosovWeatherTests.a */; };
/* End PBXBuildFile section */

/* Begin PBXContainerItemProxy section */
		84BE3B4F23F59D690063F1E4 /* PBXContainerItemProxy */ = {
			isa = PBXContainerItemProxy;
			containerPortal = 84BE3B3023F59D640063F1E4 /* Project object */;
			proxyType = 1;
			remoteGlobalIDString = 84BE3B3723F59D640063F1E4;
			remoteInfo = KurnosovWeather;
		};
		84BE3B5A23F59D690063F1E4 /* PBXContainerItemProxy */ = {
			isa = PBXContainerItemProxy;
			containerPortal = 84BE3B3023F59D640063F1E4 /* Project object */;
			proxyType = 1;
			remoteGlobalIDString = 84BE3B3723F59D640063F1E4;
			remoteInfo = KurnosovWeather;
		};
/* End PBXContainerItemProxy section */

/* Begin PBXFileReference section */
		02499947B661016AA8D210E7 /* Pods-KurnosovWeather.debug.xcconfig */ = {isa = PBXFileReference; includeInIndex = 1; lastKnownFileType = text.xcconfig; name = "Pods-KurnosovWeather.debug.xcconfig"; path = "Target Support Files/Pods-KurnosovWeather/Pods-KurnosovWeather.debug.xcconfig"; sourceTree = "<group>"; };
		42482057B5D651137CCE23B3 /* libPods-KurnosovWeatherTests.a */ = {isa = PBXFileReference; explicitFileType = archive.ar; includeInIndex = 0; path = "libPods-KurnosovWeatherTests.a"; sourceTree = BUILT_PRODUCTS_DIR; };
		560BDC47DC68CCB905D1A239 /* Pods-KurnosovWeatherTests.debug.xcconfig */ = {isa = PBXFileReference; includeInIndex = 1; lastKnownFileType = text.xcconfig; name = "Pods-KurnosovWeatherTests.debug.xcconfig"; path = "Target Support Files/Pods-KurnosovWeatherTests/Pods-KurnosovWeatherTests.debug.xcconfig"; sourceTree = "<group>"; };
		73C8C07625B81154F949965C /* Pods-KurnosovWeatherTests.release.xcconfig */ = {isa = PBXFileReference; includeInIndex = 1; lastKnownFileType = text.xcconfig; name = "Pods-KurnosovWeatherTests.release.xcconfig"; path = "Target Support Files/Pods-KurnosovWeatherTests/Pods-KurnosovWeatherTests.release.xcconfig"; sourceTree = "<group>"; };
		8435A07B23F852BF001D2592 /* CurrenWeatherViewModel.swift */ = {isa = PBXFileReference; lastKnownFileType = sourcecode.swift; path = CurrenWeatherViewModel.swift; sourceTree = "<group>"; };
		8435A07F24001DB1001D2592 /* CompositionRoot.swift */ = {isa = PBXFileReference; lastKnownFileType = sourcecode.swift; path = CompositionRoot.swift; sourceTree = "<group>"; };
		8435A08124001F92001D2592 /* RealmDB.swift */ = {isa = PBXFileReference; lastKnownFileType = sourcecode.swift; path = RealmDB.swift; sourceTree = "<group>"; };
		8435A086240045F8001D2592 /* DependencyClient.swift */ = {isa = PBXFileReference; lastKnownFileType = sourcecode.swift; path = DependencyClient.swift; sourceTree = "<group>"; };
		8435A089240047EA001D2592 /* CurrentWeatherViewModelProtocol.swift */ = {isa = PBXFileReference; lastKnownFileType = sourcecode.swift; path = CurrentWeatherViewModelProtocol.swift; sourceTree = "<group>"; };
		845539012403B149006EE3E7 /* GetMeasurementHistoryInteractorProtocol.swift */ = {isa = PBXFileReference; lastKnownFileType = sourcecode.swift; path = GetMeasurementHistoryInteractorProtocol.swift; sourceTree = "<group>"; };
		845539032403B28A006EE3E7 /* GetMeasurementHistoryInteractor.swift */ = {isa = PBXFileReference; lastKnownFileType = sourcecode.swift; path = GetMeasurementHistoryInteractor.swift; sourceTree = "<group>"; };
		845539072403BC84006EE3E7 /* WeatherHistoryViewController.swift */ = {isa = PBXFileReference; lastKnownFileType = sourcecode.swift; path = WeatherHistoryViewController.swift; sourceTree = "<group>"; };
		8455390C2403D280006EE3E7 /* HistoryTableViewCell.swift */ = {isa = PBXFileReference; lastKnownFileType = sourcecode.swift; path = HistoryTableViewCell.swift; sourceTree = "<group>"; };
		8455390D2403D280006EE3E7 /* HistoryTableViewCell.xib */ = {isa = PBXFileReference; lastKnownFileType = file.xib; path = HistoryTableViewCell.xib; sourceTree = "<group>"; };
		845539102403D60C006EE3E7 /* HistoryViewModelProtocol.swift */ = {isa = PBXFileReference; lastKnownFileType = sourcecode.swift; path = HistoryViewModelProtocol.swift; sourceTree = "<group>"; };
		845539122403D6BD006EE3E7 /* HistoryCellViewState.swift */ = {isa = PBXFileReference; lastKnownFileType = sourcecode.swift; path = HistoryCellViewState.swift; sourceTree = "<group>"; };
		849F3E572403E78400FAD50D /* HistoryViewModel.swift */ = {isa = PBXFileReference; lastKnownFileType = sourcecode.swift; path = HistoryViewModel.swift; sourceTree = "<group>"; };
		84BE3B3823F59D650063F1E4 /* KurnosovWeather.app */ = {isa = PBXFileReference; explicitFileType = wrapper.application; includeInIndex = 0; path = KurnosovWeather.app; sourceTree = BUILT_PRODUCTS_DIR; };
		84BE3B3B23F59D650063F1E4 /* AppDelegate.swift */ = {isa = PBXFileReference; lastKnownFileType = sourcecode.swift; path = AppDelegate.swift; sourceTree = "<group>"; };
		84BE3B3D23F59D650063F1E4 /* SceneDelegate.swift */ = {isa = PBXFileReference; lastKnownFileType = sourcecode.swift; path = SceneDelegate.swift; sourceTree = "<group>"; };
		84BE3B3F23F59D650063F1E4 /* CurrentWeatherViewController.swift */ = {isa = PBXFileReference; lastKnownFileType = sourcecode.swift; path = CurrentWeatherViewController.swift; sourceTree = "<group>"; };
		84BE3B4223F59D650063F1E4 /* Base */ = {isa = PBXFileReference; lastKnownFileType = file.storyboard; name = Base; path = Base.lproj/Main.storyboard; sourceTree = "<group>"; };
		84BE3B4423F59D690063F1E4 /* Assets.xcassets */ = {isa = PBXFileReference; lastKnownFileType = folder.assetcatalog; path = Assets.xcassets; sourceTree = "<group>"; };
		84BE3B4723F59D690063F1E4 /* Base */ = {isa = PBXFileReference; lastKnownFileType = file.storyboard; name = Base; path = Base.lproj/LaunchScreen.storyboard; sourceTree = "<group>"; };
		84BE3B4923F59D690063F1E4 /* Info.plist */ = {isa = PBXFileReference; lastKnownFileType = text.plist.xml; path = Info.plist; sourceTree = "<group>"; };
		84BE3B4E23F59D690063F1E4 /* KurnosovWeatherTests.xctest */ = {isa = PBXFileReference; explicitFileType = wrapper.cfbundle; includeInIndex = 0; path = KurnosovWeatherTests.xctest; sourceTree = BUILT_PRODUCTS_DIR; };
		84BE3B5223F59D690063F1E4 /* KurnosovWeatherTests.swift */ = {isa = PBXFileReference; lastKnownFileType = sourcecode.swift; path = KurnosovWeatherTests.swift; sourceTree = "<group>"; };
		84BE3B5423F59D690063F1E4 /* Info.plist */ = {isa = PBXFileReference; lastKnownFileType = text.plist.xml; path = Info.plist; sourceTree = "<group>"; };
		84BE3B5923F59D690063F1E4 /* KurnosovWeatherUITests.xctest */ = {isa = PBXFileReference; explicitFileType = wrapper.cfbundle; includeInIndex = 0; path = KurnosovWeatherUITests.xctest; sourceTree = BUILT_PRODUCTS_DIR; };
		84BE3B5D23F59D690063F1E4 /* KurnosovWeatherUITests.swift */ = {isa = PBXFileReference; lastKnownFileType = sourcecode.swift; path = KurnosovWeatherUITests.swift; sourceTree = "<group>"; };
		84BE3B5F23F59D690063F1E4 /* Info.plist */ = {isa = PBXFileReference; lastKnownFileType = text.plist.xml; path = Info.plist; sourceTree = "<group>"; };
		84D1F0C823F5C88200877FC2 /* WeatherLoaderTest.swift */ = {isa = PBXFileReference; lastKnownFileType = sourcecode.swift; path = WeatherLoaderTest.swift; sourceTree = "<group>"; };
		84D1F0D123F8190E00877FC2 /* GetWeatherInteractor.swift */ = {isa = PBXFileReference; lastKnownFileType = sourcecode.swift; path = GetWeatherInteractor.swift; sourceTree = "<group>"; };
		84D1F0D523F8197600877FC2 /* GetWeatherInteractorProtocol.swift */ = {isa = PBXFileReference; lastKnownFileType = sourcecode.swift; path = GetWeatherInteractorProtocol.swift; sourceTree = "<group>"; };
		84D1F0D823F81A8400877FC2 /* AKWeather.swift */ = {isa = PBXFileReference; lastKnownFileType = sourcecode.swift; path = AKWeather.swift; sourceTree = "<group>"; };
		84D1F0DA23F81AE300877FC2 /* AKLocation.swift */ = {isa = PBXFileReference; lastKnownFileType = sourcecode.swift; path = AKLocation.swift; sourceTree = "<group>"; };
		84D1F0DC23F831FA00877FC2 /* AKWeatherMeasurement.swift */ = {isa = PBXFileReference; lastKnownFileType = sourcecode.swift; path = AKWeatherMeasurement.swift; sourceTree = "<group>"; };
		84D1F0E223F8359D00877FC2 /* LocationLoader.swift */ = {isa = PBXFileReference; fileEncoding = 4; lastKnownFileType = sourcecode.swift; path = LocationLoader.swift; sourceTree = "<group>"; };
		84D1F0E323F8359D00877FC2 /* WeatherLoader.swift */ = {isa = PBXFileReference; fileEncoding = 4; lastKnownFileType = sourcecode.swift; path = WeatherLoader.swift; sourceTree = "<group>"; };
		84D1F0E623F835B900877FC2 /* LocationLoaderProtocol.swift */ = {isa = PBXFileReference; lastKnownFileType = sourcecode.swift; path = LocationLoaderProtocol.swift; sourceTree = "<group>"; };
		84D1F0E823F8360C00877FC2 /* WeatherLoaderProtocol.swift */ = {isa = PBXFileReference; lastKnownFileType = sourcecode.swift; path = WeatherLoaderProtocol.swift; sourceTree = "<group>"; };
		84D1F0EA23F8366000877FC2 /* DBProtocol.swift */ = {isa = PBXFileReference; lastKnownFileType = sourcecode.swift; path = DBProtocol.swift; sourceTree = "<group>"; };
		97947AAB7ADC8A2F3E82F86B /* Pods-KurnosovWeather.release.xcconfig */ = {isa = PBXFileReference; includeInIndex = 1; lastKnownFileType = text.xcconfig; name = "Pods-KurnosovWeather.release.xcconfig"; path = "Target Support Files/Pods-KurnosovWeather/Pods-KurnosovWeather.release.xcconfig"; sourceTree = "<group>"; };
		E4B0C64B299C8F1FA377B3C8 /* libPods-KurnosovWeather.a */ = {isa = PBXFileReference; explicitFileType = archive.ar; includeInIndex = 0; path = "libPods-KurnosovWeather.a"; sourceTree = BUILT_PRODUCTS_DIR; };
/* End PBXFileReference section */

/* Begin PBXFrameworksBuildPhase section */
		84BE3B3523F59D640063F1E4 /* Frameworks */ = {
			isa = PBXFrameworksBuildPhase;
			buildActionMask = 2147483647;
			files = (
				4796F20FE0DF1F7FA0FE840D /* libPods-KurnosovWeather.a in Frameworks */,
			);
			runOnlyForDeploymentPostprocessing = 0;
		};
		84BE3B4B23F59D690063F1E4 /* Frameworks */ = {
			isa = PBXFrameworksBuildPhase;
			buildActionMask = 2147483647;
			files = (
				8CE9037ACEED7C7E44AC827D /* libPods-KurnosovWeatherTests.a in Frameworks */,
			);
			runOnlyForDeploymentPostprocessing = 0;
		};
		84BE3B5623F59D690063F1E4 /* Frameworks */ = {
			isa = PBXFrameworksBuildPhase;
			buildActionMask = 2147483647;
			files = (
			);
			runOnlyForDeploymentPostprocessing = 0;
		};
/* End PBXFrameworksBuildPhase section */

/* Begin PBXGroup section */
		326C3AF8BA676DFA37C7AD19 /* Pods */ = {
			isa = PBXGroup;
			children = (
				02499947B661016AA8D210E7 /* Pods-KurnosovWeather.debug.xcconfig */,
				97947AAB7ADC8A2F3E82F86B /* Pods-KurnosovWeather.release.xcconfig */,
				560BDC47DC68CCB905D1A239 /* Pods-KurnosovWeatherTests.debug.xcconfig */,
				73C8C07625B81154F949965C /* Pods-KurnosovWeatherTests.release.xcconfig */,
			);
			path = Pods;
			sourceTree = "<group>";
		};
		8435A07A23F85282001D2592 /* ViewModel */ = {
			isa = PBXGroup;
			children = (
				8435A07B23F852BF001D2592 /* CurrenWeatherViewModel.swift */,
				849F3E572403E78400FAD50D /* HistoryViewModel.swift */,
			);
			path = ViewModel;
			sourceTree = "<group>";
		};
		8435A07D24001C74001D2592 /* ViewController */ = {
			isa = PBXGroup;
			children = (
				84BE3B3F23F59D650063F1E4 /* CurrentWeatherViewController.swift */,
				845539072403BC84006EE3E7 /* WeatherHistoryViewController.swift */,
			);
			path = ViewController;
			sourceTree = "<group>";
		};
		8435A07E24001D93001D2592 /* CompositionRoot */ = {
			isa = PBXGroup;
			children = (
				8435A07F24001DB1001D2592 /* CompositionRoot.swift */,
			);
			path = CompositionRoot;
			sourceTree = "<group>";
		};
		8435A085240045CC001D2592 /* Common */ = {
			isa = PBXGroup;
			children = (
				8435A086240045F8001D2592 /* DependencyClient.swift */,
			);
			path = Common;
			sourceTree = "<group>";
		};
		8435A088240047BF001D2592 /* ViewModel */ = {
			isa = PBXGroup;
			children = (
				8435A089240047EA001D2592 /* CurrentWeatherViewModelProtocol.swift */,
				845539102403D60C006EE3E7 /* HistoryViewModelProtocol.swift */,
			);
			path = ViewModel;
			sourceTree = "<group>";
		};
		845539092403D211006EE3E7 /* View */ = {
			isa = PBXGroup;
			children = (
				8455390C2403D280006EE3E7 /* HistoryTableViewCell.swift */,
				8455390D2403D280006EE3E7 /* HistoryTableViewCell.xib */,
			);
			path = View;
			sourceTree = "<group>";
		};
		845539142403DF5A006EE3E7 /* ViewState */ = {
			isa = PBXGroup;
			children = (
				845539122403D6BD006EE3E7 /* HistoryCellViewState.swift */,
			);
			path = ViewState;
			sourceTree = "<group>";
		};
		84BE3B2F23F59D640063F1E4 = {
			isa = PBXGroup;
			children = (
				84BE3B3A23F59D650063F1E4 /* KurnosovWeather */,
				84BE3B5123F59D690063F1E4 /* KurnosovWeatherTests */,
				84BE3B5C23F59D690063F1E4 /* KurnosovWeatherUITests */,
				84BE3B3923F59D650063F1E4 /* Products */,
				326C3AF8BA676DFA37C7AD19 /* Pods */,
				FFBACAE32708959330DB110A /* Frameworks */,
			);
			sourceTree = "<group>";
		};
		84BE3B3923F59D650063F1E4 /* Products */ = {
			isa = PBXGroup;
			children = (
				84BE3B3823F59D650063F1E4 /* KurnosovWeather.app */,
				84BE3B4E23F59D690063F1E4 /* KurnosovWeatherTests.xctest */,
				84BE3B5923F59D690063F1E4 /* KurnosovWeatherUITests.xctest */,
			);
			name = Products;
			sourceTree = "<group>";
		};
		84BE3B3A23F59D650063F1E4 /* KurnosovWeather */ = {
			isa = PBXGroup;
			children = (
				845539092403D211006EE3E7 /* View */,
				8435A07E24001D93001D2592 /* CompositionRoot */,
				8435A07D24001C74001D2592 /* ViewController */,
				8435A07A23F85282001D2592 /* ViewModel */,
				84D1F0D323F8193D00877FC2 /* Protocols */,
				84D1F0D023F818DC00877FC2 /* Model */,
				84BE3B3B23F59D650063F1E4 /* AppDelegate.swift */,
				84BE3B3D23F59D650063F1E4 /* SceneDelegate.swift */,
				84BE3B4123F59D650063F1E4 /* Main.storyboard */,
				84BE3B4423F59D690063F1E4 /* Assets.xcassets */,
				84BE3B4623F59D690063F1E4 /* LaunchScreen.storyboard */,
				84BE3B4923F59D690063F1E4 /* Info.plist */,
			);
			path = KurnosovWeather;
			sourceTree = "<group>";
		};
		84BE3B5123F59D690063F1E4 /* KurnosovWeatherTests */ = {
			isa = PBXGroup;
			children = (
				84D1F0C723F5C83400877FC2 /* WeatherLoader */,
				84BE3B5223F59D690063F1E4 /* KurnosovWeatherTests.swift */,
				84BE3B5423F59D690063F1E4 /* Info.plist */,
			);
			path = KurnosovWeatherTests;
			sourceTree = "<group>";
		};
		84BE3B5C23F59D690063F1E4 /* KurnosovWeatherUITests */ = {
			isa = PBXGroup;
			children = (
				84BE3B5D23F59D690063F1E4 /* KurnosovWeatherUITests.swift */,
				84BE3B5F23F59D690063F1E4 /* Info.plist */,
			);
			path = KurnosovWeatherUITests;
			sourceTree = "<group>";
		};
		84D1F0C723F5C83400877FC2 /* WeatherLoader */ = {
			isa = PBXGroup;
			children = (
				84D1F0C823F5C88200877FC2 /* WeatherLoaderTest.swift */,
			);
			path = WeatherLoader;
			sourceTree = "<group>";
		};
		84D1F0D023F818DC00877FC2 /* Model */ = {
			isa = PBXGroup;
			children = (
				84D1F0DF23F8345500877FC2 /* DataLayer */,
				84D1F0DE23F8343400877FC2 /* Interactors */,
			);
			path = Model;
			sourceTree = "<group>";
		};
		84D1F0D323F8193D00877FC2 /* Protocols */ = {
			isa = PBXGroup;
			children = (
				8435A085240045CC001D2592 /* Common */,
				84D1F0D723F81A3700877FC2 /* DTO */,
				84D1F0D423F8194A00877FC2 /* Model */,
			);
			path = Protocols;
			sourceTree = "<group>";
		};
		84D1F0D423F8194A00877FC2 /* Model */ = {
			isa = PBXGroup;
			children = (
				8435A088240047BF001D2592 /* ViewModel */,
				84D1F0E123F8355100877FC2 /* Interactors */,
				84D1F0E023F8354100877FC2 /* DataLayer */,
			);
			path = Model;
			sourceTree = "<group>";
		};
		84D1F0D723F81A3700877FC2 /* DTO */ = {
			isa = PBXGroup;
			children = (
				845539142403DF5A006EE3E7 /* ViewState */,
				84D1F0D823F81A8400877FC2 /* AKWeather.swift */,
				84D1F0DA23F81AE300877FC2 /* AKLocation.swift */,
				84D1F0DC23F831FA00877FC2 /* AKWeatherMeasurement.swift */,
			);
			path = DTO;
			sourceTree = "<group>";
		};
		84D1F0DE23F8343400877FC2 /* Interactors */ = {
			isa = PBXGroup;
			children = (
				84D1F0D123F8190E00877FC2 /* GetWeatherInteractor.swift */,
				845539032403B28A006EE3E7 /* GetMeasurementHistoryInteractor.swift */,
			);
			path = Interactors;
			sourceTree = "<group>";
		};
		84D1F0DF23F8345500877FC2 /* DataLayer */ = {
			isa = PBXGroup;
			children = (
				84D1F0E223F8359D00877FC2 /* LocationLoader.swift */,
				84D1F0E323F8359D00877FC2 /* WeatherLoader.swift */,
				8435A08124001F92001D2592 /* RealmDB.swift */,
			);
			path = DataLayer;
			sourceTree = "<group>";
		};
		84D1F0E023F8354100877FC2 /* DataLayer */ = {
			isa = PBXGroup;
			children = (
				84D1F0E623F835B900877FC2 /* LocationLoaderProtocol.swift */,
				84D1F0E823F8360C00877FC2 /* WeatherLoaderProtocol.swift */,
				84D1F0EA23F8366000877FC2 /* DBProtocol.swift */,
			);
			path = DataLayer;
			sourceTree = "<group>";
		};
		84D1F0E123F8355100877FC2 /* Interactors */ = {
			isa = PBXGroup;
			children = (
				84D1F0D523F8197600877FC2 /* GetWeatherInteractorProtocol.swift */,
				845539012403B149006EE3E7 /* GetMeasurementHistoryInteractorProtocol.swift */,
			);
			path = Interactors;
			sourceTree = "<group>";
		};
		FFBACAE32708959330DB110A /* Frameworks */ = {
			isa = PBXGroup;
			children = (
				E4B0C64B299C8F1FA377B3C8 /* libPods-KurnosovWeather.a */,
				42482057B5D651137CCE23B3 /* libPods-KurnosovWeatherTests.a */,
			);
			name = Frameworks;
			sourceTree = "<group>";
		};
/* End PBXGroup section */

/* Begin PBXNativeTarget section */
		84BE3B3723F59D640063F1E4 /* KurnosovWeather */ = {
			isa = PBXNativeTarget;
			buildConfigurationList = 84BE3B6223F59D690063F1E4 /* Build configuration list for PBXNativeTarget "KurnosovWeather" */;
			buildPhases = (
				C97EB3FDCF7D02FE5A80F24C /* [CP] Check Pods Manifest.lock */,
				84BE3B3423F59D640063F1E4 /* Sources */,
				84BE3B3523F59D640063F1E4 /* Frameworks */,
				84BE3B3623F59D640063F1E4 /* Resources */,
			);
			buildRules = (
			);
			dependencies = (
			);
			name = KurnosovWeather;
			productName = KurnosovWeather;
			productReference = 84BE3B3823F59D650063F1E4 /* KurnosovWeather.app */;
			productType = "com.apple.product-type.application";
		};
		84BE3B4D23F59D690063F1E4 /* KurnosovWeatherTests */ = {
			isa = PBXNativeTarget;
			buildConfigurationList = 84BE3B6523F59D690063F1E4 /* Build configuration list for PBXNativeTarget "KurnosovWeatherTests" */;
			buildPhases = (
				88F52C2ADB18D544BACCB18C /* [CP] Check Pods Manifest.lock */,
				84BE3B4A23F59D690063F1E4 /* Sources */,
				84BE3B4B23F59D690063F1E4 /* Frameworks */,
				84BE3B4C23F59D690063F1E4 /* Resources */,
			);
			buildRules = (
			);
			dependencies = (
				84BE3B5023F59D690063F1E4 /* PBXTargetDependency */,
			);
			name = KurnosovWeatherTests;
			productName = KurnosovWeatherTests;
			productReference = 84BE3B4E23F59D690063F1E4 /* KurnosovWeatherTests.xctest */;
			productType = "com.apple.product-type.bundle.unit-test";
		};
		84BE3B5823F59D690063F1E4 /* KurnosovWeatherUITests */ = {
			isa = PBXNativeTarget;
			buildConfigurationList = 84BE3B6823F59D690063F1E4 /* Build configuration list for PBXNativeTarget "KurnosovWeatherUITests" */;
			buildPhases = (
				84BE3B5523F59D690063F1E4 /* Sources */,
				84BE3B5623F59D690063F1E4 /* Frameworks */,
				84BE3B5723F59D690063F1E4 /* Resources */,
			);
			buildRules = (
			);
			dependencies = (
				84BE3B5B23F59D690063F1E4 /* PBXTargetDependency */,
			);
			name = KurnosovWeatherUITests;
			productName = KurnosovWeatherUITests;
			productReference = 84BE3B5923F59D690063F1E4 /* KurnosovWeatherUITests.xctest */;
			productType = "com.apple.product-type.bundle.ui-testing";
		};
/* End PBXNativeTarget section */

/* Begin PBXProject section */
		84BE3B3023F59D640063F1E4 /* Project object */ = {
			isa = PBXProject;
			attributes = {
				LastSwiftUpdateCheck = 1130;
				LastUpgradeCheck = 1130;
				ORGANIZATIONNAME = akthesnipe;
				TargetAttributes = {
					84BE3B3723F59D640063F1E4 = {
						CreatedOnToolsVersion = 11.3.1;
					};
					84BE3B4D23F59D690063F1E4 = {
						CreatedOnToolsVersion = 11.3.1;
						TestTargetID = 84BE3B3723F59D640063F1E4;
					};
					84BE3B5823F59D690063F1E4 = {
						CreatedOnToolsVersion = 11.3.1;
						TestTargetID = 84BE3B3723F59D640063F1E4;
					};
				};
			};
			buildConfigurationList = 84BE3B3323F59D640063F1E4 /* Build configuration list for PBXProject "KurnosovWeather" */;
			compatibilityVersion = "Xcode 9.3";
			developmentRegion = en;
			hasScannedForEncodings = 0;
			knownRegions = (
				en,
				Base,
			);
			mainGroup = 84BE3B2F23F59D640063F1E4;
			productRefGroup = 84BE3B3923F59D650063F1E4 /* Products */;
			projectDirPath = "";
			projectRoot = "";
			targets = (
				84BE3B3723F59D640063F1E4 /* KurnosovWeather */,
				84BE3B4D23F59D690063F1E4 /* KurnosovWeatherTests */,
				84BE3B5823F59D690063F1E4 /* KurnosovWeatherUITests */,
			);
		};
/* End PBXProject section */

/* Begin PBXResourcesBuildPhase section */
		84BE3B3623F59D640063F1E4 /* Resources */ = {
			isa = PBXResourcesBuildPhase;
			buildActionMask = 2147483647;
			files = (
				84BE3B4823F59D690063F1E4 /* LaunchScreen.storyboard in Resources */,
				84BE3B4523F59D690063F1E4 /* Assets.xcassets in Resources */,
				8455390F2403D280006EE3E7 /* HistoryTableViewCell.xib in Resources */,
				84BE3B4323F59D650063F1E4 /* Main.storyboard in Resources */,
			);
			runOnlyForDeploymentPostprocessing = 0;
		};
		84BE3B4C23F59D690063F1E4 /* Resources */ = {
			isa = PBXResourcesBuildPhase;
			buildActionMask = 2147483647;
			files = (
			);
			runOnlyForDeploymentPostprocessing = 0;
		};
		84BE3B5723F59D690063F1E4 /* Resources */ = {
			isa = PBXResourcesBuildPhase;
			buildActionMask = 2147483647;
			files = (
			);
			runOnlyForDeploymentPostprocessing = 0;
		};
/* End PBXResourcesBuildPhase section */

/* Begin PBXShellScriptBuildPhase section */
		88F52C2ADB18D544BACCB18C /* [CP] Check Pods Manifest.lock */ = {
			isa = PBXShellScriptBuildPhase;
			buildActionMask = 2147483647;
			files = (
			);
			inputFileListPaths = (
			);
			inputPaths = (
				"${PODS_PODFILE_DIR_PATH}/Podfile.lock",
				"${PODS_ROOT}/Manifest.lock",
			);
			name = "[CP] Check Pods Manifest.lock";
			outputFileListPaths = (
			);
			outputPaths = (
				"$(DERIVED_FILE_DIR)/Pods-KurnosovWeatherTests-checkManifestLockResult.txt",
			);
			runOnlyForDeploymentPostprocessing = 0;
			shellPath = /bin/sh;
			shellScript = "diff \"${PODS_PODFILE_DIR_PATH}/Podfile.lock\" \"${PODS_ROOT}/Manifest.lock\" > /dev/null\nif [ $? != 0 ] ; then\n    # print error to STDERR\n    echo \"error: The sandbox is not in sync with the Podfile.lock. Run 'pod install' or update your CocoaPods installation.\" >&2\n    exit 1\nfi\n# This output is used by Xcode 'outputs' to avoid re-running this script phase.\necho \"SUCCESS\" > \"${SCRIPT_OUTPUT_FILE_0}\"\n";
			showEnvVarsInLog = 0;
		};
		C97EB3FDCF7D02FE5A80F24C /* [CP] Check Pods Manifest.lock */ = {
			isa = PBXShellScriptBuildPhase;
			buildActionMask = 2147483647;
			files = (
			);
			inputFileListPaths = (
			);
			inputPaths = (
				"${PODS_PODFILE_DIR_PATH}/Podfile.lock",
				"${PODS_ROOT}/Manifest.lock",
			);
			name = "[CP] Check Pods Manifest.lock";
			outputFileListPaths = (
			);
			outputPaths = (
				"$(DERIVED_FILE_DIR)/Pods-KurnosovWeather-checkManifestLockResult.txt",
			);
			runOnlyForDeploymentPostprocessing = 0;
			shellPath = /bin/sh;
			shellScript = "diff \"${PODS_PODFILE_DIR_PATH}/Podfile.lock\" \"${PODS_ROOT}/Manifest.lock\" > /dev/null\nif [ $? != 0 ] ; then\n    # print error to STDERR\n    echo \"error: The sandbox is not in sync with the Podfile.lock. Run 'pod install' or update your CocoaPods installation.\" >&2\n    exit 1\nfi\n# This output is used by Xcode 'outputs' to avoid re-running this script phase.\necho \"SUCCESS\" > \"${SCRIPT_OUTPUT_FILE_0}\"\n";
			showEnvVarsInLog = 0;
		};
/* End PBXShellScriptBuildPhase section */

/* Begin PBXSourcesBuildPhase section */
		84BE3B3423F59D640063F1E4 /* Sources */ = {
			isa = PBXSourcesBuildPhase;
			buildActionMask = 2147483647;
			files = (
				84D1F0E723F835B900877FC2 /* LocationLoaderProtocol.swift in Sources */,
				84D1F0DB23F81AE300877FC2 /* AKLocation.swift in Sources */,
				84BE3B4023F59D650063F1E4 /* CurrentWeatherViewController.swift in Sources */,
				845539132403D6BD006EE3E7 /* HistoryCellViewState.swift in Sources */,
				84D1F0E923F8360C00877FC2 /* WeatherLoaderProtocol.swift in Sources */,
				845539112403D60C006EE3E7 /* HistoryViewModelProtocol.swift in Sources */,
				84D1F0D623F8197600877FC2 /* GetWeatherInteractorProtocol.swift in Sources */,
				84D1F0DD23F831FA00877FC2 /* AKWeatherMeasurement.swift in Sources */,
				8435A07C23F852BF001D2592 /* CurrenWeatherViewModel.swift in Sources */,
				845539082403BC84006EE3E7 /* WeatherHistoryViewController.swift in Sources */,
				849F3E582403E78400FAD50D /* HistoryViewModel.swift in Sources */,
				8455390E2403D280006EE3E7 /* HistoryTableViewCell.swift in Sources */,
				8435A08024001DB1001D2592 /* CompositionRoot.swift in Sources */,
				845539022403B149006EE3E7 /* GetMeasurementHistoryInteractorProtocol.swift in Sources */,
				84BE3B3C23F59D650063F1E4 /* AppDelegate.swift in Sources */,
				84D1F0EB23F8366000877FC2 /* DBProtocol.swift in Sources */,
				84D1F0D223F8190E00877FC2 /* GetWeatherInteractor.swift in Sources */,
				84D1F0D923F81A8400877FC2 /* AKWeather.swift in Sources */,
				8435A087240045F8001D2592 /* DependencyClient.swift in Sources */,
				84D1F0E523F8359D00877FC2 /* WeatherLoader.swift in Sources */,
				845539042403B28A006EE3E7 /* GetMeasurementHistoryInteractor.swift in Sources */,
				84BE3B3E23F59D650063F1E4 /* SceneDelegate.swift in Sources */,
				8435A08A240047EA001D2592 /* CurrentWeatherViewModelProtocol.swift in Sources */,
				84D1F0E423F8359D00877FC2 /* LocationLoader.swift in Sources */,
				8435A08224001F92001D2592 /* RealmDB.swift in Sources */,
			);
			runOnlyForDeploymentPostprocessing = 0;
		};
		84BE3B4A23F59D690063F1E4 /* Sources */ = {
			isa = PBXSourcesBuildPhase;
			buildActionMask = 2147483647;
			files = (
				84BE3B5323F59D690063F1E4 /* KurnosovWeatherTests.swift in Sources */,
				84D1F0C923F5C88200877FC2 /* WeatherLoaderTest.swift in Sources */,
			);
			runOnlyForDeploymentPostprocessing = 0;
		};
		84BE3B5523F59D690063F1E4 /* Sources */ = {
			isa = PBXSourcesBuildPhase;
			buildActionMask = 2147483647;
			files = (
				84BE3B5E23F59D690063F1E4 /* KurnosovWeatherUITests.swift in Sources */,
			);
			runOnlyForDeploymentPostprocessing = 0;
		};
/* End PBXSourcesBuildPhase section */

/* Begin PBXTargetDependency section */
		84BE3B5023F59D690063F1E4 /* PBXTargetDependency */ = {
			isa = PBXTargetDependency;
			target = 84BE3B3723F59D640063F1E4 /* KurnosovWeather */;
			targetProxy = 84BE3B4F23F59D690063F1E4 /* PBXContainerItemProxy */;
		};
		84BE3B5B23F59D690063F1E4 /* PBXTargetDependency */ = {
			isa = PBXTargetDependency;
			target = 84BE3B3723F59D640063F1E4 /* KurnosovWeather */;
			targetProxy = 84BE3B5A23F59D690063F1E4 /* PBXContainerItemProxy */;
		};
/* End PBXTargetDependency section */

/* Begin PBXVariantGroup section */
		84BE3B4123F59D650063F1E4 /* Main.storyboard */ = {
			isa = PBXVariantGroup;
			children = (
				84BE3B4223F59D650063F1E4 /* Base */,
			);
			name = Main.storyboard;
			sourceTree = "<group>";
		};
		84BE3B4623F59D690063F1E4 /* LaunchScreen.storyboard */ = {
			isa = PBXVariantGroup;
			children = (
				84BE3B4723F59D690063F1E4 /* Base */,
			);
			name = LaunchScreen.storyboard;
			sourceTree = "<group>";
		};
/* End PBXVariantGroup section */

/* Begin XCBuildConfiguration section */
		84BE3B6023F59D690063F1E4 /* Debug */ = {
			isa = XCBuildConfiguration;
			buildSettings = {
				ALWAYS_SEARCH_USER_PATHS = NO;
				CLANG_ANALYZER_NONNULL = YES;
				CLANG_ANALYZER_NUMBER_OBJECT_CONVERSION = YES_AGGRESSIVE;
				CLANG_CXX_LANGUAGE_STANDARD = "gnu++14";
				CLANG_CXX_LIBRARY = "libc++";
				CLANG_ENABLE_MODULES = YES;
				CLANG_ENABLE_OBJC_ARC = YES;
				CLANG_ENABLE_OBJC_WEAK = YES;
				CLANG_WARN_BLOCK_CAPTURE_AUTORELEASING = YES;
				CLANG_WARN_BOOL_CONVERSION = YES;
				CLANG_WARN_COMMA = YES;
				CLANG_WARN_CONSTANT_CONVERSION = YES;
				CLANG_WARN_DEPRECATED_OBJC_IMPLEMENTATIONS = YES;
				CLANG_WARN_DIRECT_OBJC_ISA_USAGE = YES_ERROR;
				CLANG_WARN_DOCUMENTATION_COMMENTS = YES;
				CLANG_WARN_EMPTY_BODY = YES;
				CLANG_WARN_ENUM_CONVERSION = YES;
				CLANG_WARN_INFINITE_RECURSION = YES;
				CLANG_WARN_INT_CONVERSION = YES;
				CLANG_WARN_NON_LITERAL_NULL_CONVERSION = YES;
				CLANG_WARN_OBJC_IMPLICIT_RETAIN_SELF = YES;
				CLANG_WARN_OBJC_LITERAL_CONVERSION = YES;
				CLANG_WARN_OBJC_ROOT_CLASS = YES_ERROR;
				CLANG_WARN_RANGE_LOOP_ANALYSIS = YES;
				CLANG_WARN_STRICT_PROTOTYPES = YES;
				CLANG_WARN_SUSPICIOUS_MOVE = YES;
				CLANG_WARN_UNGUARDED_AVAILABILITY = YES_AGGRESSIVE;
				CLANG_WARN_UNREACHABLE_CODE = YES;
				CLANG_WARN__DUPLICATE_METHOD_MATCH = YES;
				COPY_PHASE_STRIP = NO;
				DEBUG_INFORMATION_FORMAT = dwarf;
				ENABLE_STRICT_OBJC_MSGSEND = YES;
				ENABLE_TESTABILITY = YES;
				GCC_C_LANGUAGE_STANDARD = gnu11;
				GCC_DYNAMIC_NO_PIC = NO;
				GCC_NO_COMMON_BLOCKS = YES;
				GCC_OPTIMIZATION_LEVEL = 0;
				GCC_PREPROCESSOR_DEFINITIONS = (
					"DEBUG=1",
					"$(inherited)",
				);
				GCC_WARN_64_TO_32_BIT_CONVERSION = YES;
				GCC_WARN_ABOUT_RETURN_TYPE = YES_ERROR;
				GCC_WARN_UNDECLARED_SELECTOR = YES;
				GCC_WARN_UNINITIALIZED_AUTOS = YES_AGGRESSIVE;
				GCC_WARN_UNUSED_FUNCTION = YES;
				GCC_WARN_UNUSED_VARIABLE = YES;
				IPHONEOS_DEPLOYMENT_TARGET = 13.2;
				MTL_ENABLE_DEBUG_INFO = INCLUDE_SOURCE;
				MTL_FAST_MATH = YES;
				ONLY_ACTIVE_ARCH = YES;
				SDKROOT = iphoneos;
				SWIFT_ACTIVE_COMPILATION_CONDITIONS = DEBUG;
				SWIFT_OPTIMIZATION_LEVEL = "-Onone";
			};
			name = Debug;
		};
		84BE3B6123F59D690063F1E4 /* Release */ = {
			isa = XCBuildConfiguration;
			buildSettings = {
				ALWAYS_SEARCH_USER_PATHS = NO;
				CLANG_ANALYZER_NONNULL = YES;
				CLANG_ANALYZER_NUMBER_OBJECT_CONVERSION = YES_AGGRESSIVE;
				CLANG_CXX_LANGUAGE_STANDARD = "gnu++14";
				CLANG_CXX_LIBRARY = "libc++";
				CLANG_ENABLE_MODULES = YES;
				CLANG_ENABLE_OBJC_ARC = YES;
				CLANG_ENABLE_OBJC_WEAK = YES;
				CLANG_WARN_BLOCK_CAPTURE_AUTORELEASING = YES;
				CLANG_WARN_BOOL_CONVERSION = YES;
				CLANG_WARN_COMMA = YES;
				CLANG_WARN_CONSTANT_CONVERSION = YES;
				CLANG_WARN_DEPRECATED_OBJC_IMPLEMENTATIONS = YES;
				CLANG_WARN_DIRECT_OBJC_ISA_USAGE = YES_ERROR;
				CLANG_WARN_DOCUMENTATION_COMMENTS = YES;
				CLANG_WARN_EMPTY_BODY = YES;
				CLANG_WARN_ENUM_CONVERSION = YES;
				CLANG_WARN_INFINITE_RECURSION = YES;
				CLANG_WARN_INT_CONVERSION = YES;
				CLANG_WARN_NON_LITERAL_NULL_CONVERSION = YES;
				CLANG_WARN_OBJC_IMPLICIT_RETAIN_SELF = YES;
				CLANG_WARN_OBJC_LITERAL_CONVERSION = YES;
				CLANG_WARN_OBJC_ROOT_CLASS = YES_ERROR;
				CLANG_WARN_RANGE_LOOP_ANALYSIS = YES;
				CLANG_WARN_STRICT_PROTOTYPES = YES;
				CLANG_WARN_SUSPICIOUS_MOVE = YES;
				CLANG_WARN_UNGUARDED_AVAILABILITY = YES_AGGRESSIVE;
				CLANG_WARN_UNREACHABLE_CODE = YES;
				CLANG_WARN__DUPLICATE_METHOD_MATCH = YES;
				COPY_PHASE_STRIP = NO;
				DEBUG_INFORMATION_FORMAT = "dwarf-with-dsym";
				ENABLE_NS_ASSERTIONS = NO;
				ENABLE_STRICT_OBJC_MSGSEND = YES;
				GCC_C_LANGUAGE_STANDARD = gnu11;
				GCC_NO_COMMON_BLOCKS = YES;
				GCC_WARN_64_TO_32_BIT_CONVERSION = YES;
				GCC_WARN_ABOUT_RETURN_TYPE = YES_ERROR;
				GCC_WARN_UNDECLARED_SELECTOR = YES;
				GCC_WARN_UNINITIALIZED_AUTOS = YES_AGGRESSIVE;
				GCC_WARN_UNUSED_FUNCTION = YES;
				GCC_WARN_UNUSED_VARIABLE = YES;
				IPHONEOS_DEPLOYMENT_TARGET = 13.2;
				MTL_ENABLE_DEBUG_INFO = NO;
				MTL_FAST_MATH = YES;
				SDKROOT = iphoneos;
				SWIFT_COMPILATION_MODE = wholemodule;
				SWIFT_OPTIMIZATION_LEVEL = "-O";
				VALIDATE_PRODUCT = YES;
			};
			name = Release;
		};
		84BE3B6323F59D690063F1E4 /* Debug */ = {
			isa = XCBuildConfiguration;
			baseConfigurationReference = 02499947B661016AA8D210E7 /* Pods-KurnosovWeather.debug.xcconfig */;
			buildSettings = {
				ASSETCATALOG_COMPILER_APPICON_NAME = AppIcon;
				CODE_SIGN_STYLE = Automatic;
				DEVELOPMENT_TEAM = 54E375RTHQ;
				INFOPLIST_FILE = KurnosovWeather/Info.plist;
				IPHONEOS_DEPLOYMENT_TARGET = 10.0;
				LD_RUNPATH_SEARCH_PATHS = (
					"$(inherited)",
					"@executable_path/Frameworks",
				);
				PRODUCT_BUNDLE_IDENTIFIER = ru.akthesnipe.KurnosovWeather;
				PRODUCT_NAME = "$(TARGET_NAME)";
				SWIFT_VERSION = 5.0;
				TARGETED_DEVICE_FAMILY = "1,2";
			};
			name = Debug;
		};
		84BE3B6423F59D690063F1E4 /* Release */ = {
			isa = XCBuildConfiguration;
			baseConfigurationReference = 97947AAB7ADC8A2F3E82F86B /* Pods-KurnosovWeather.release.xcconfig */;
			buildSettings = {
				ASSETCATALOG_COMPILER_APPICON_NAME = AppIcon;
				CODE_SIGN_STYLE = Automatic;
				DEVELOPMENT_TEAM = 54E375RTHQ;
				INFOPLIST_FILE = KurnosovWeather/Info.plist;
				IPHONEOS_DEPLOYMENT_TARGET = 10.0;
				LD_RUNPATH_SEARCH_PATHS = (
					"$(inherited)",
					"@executable_path/Frameworks",
				);
				PRODUCT_BUNDLE_IDENTIFIER = ru.akthesnipe.KurnosovWeather;
				PRODUCT_NAME = "$(TARGET_NAME)";
				SWIFT_VERSION = 5.0;
				TARGETED_DEVICE_FAMILY = "1,2";
			};
			name = Release;
		};
		84BE3B6623F59D690063F1E4 /* Debug */ = {
			isa = XCBuildConfiguration;
			baseConfigurationReference = 560BDC47DC68CCB905D1A239 /* Pods-KurnosovWeatherTests.debug.xcconfig */;
			buildSettings = {
				ALWAYS_EMBED_SWIFT_STANDARD_LIBRARIES = YES;
				BUNDLE_LOADER = "$(TEST_HOST)";
				CODE_SIGN_STYLE = Automatic;
				DEVELOPMENT_TEAM = 54E375RTHQ;
				INFOPLIST_FILE = KurnosovWeatherTests/Info.plist;
				IPHONEOS_DEPLOYMENT_TARGET = 13.2;
				LD_RUNPATH_SEARCH_PATHS = (
					"$(inherited)",
					"@executable_path/Frameworks",
					"@loader_path/Frameworks",
				);
				PRODUCT_BUNDLE_IDENTIFIER = ru.akthesnipe.KurnosovWeatherTests;
				PRODUCT_NAME = "$(TARGET_NAME)";
				SWIFT_VERSION = 5.0;
				TARGETED_DEVICE_FAMILY = "1,2";
				TEST_HOST = "$(BUILT_PRODUCTS_DIR)/KurnosovWeather.app/KurnosovWeather";
			};
			name = Debug;
		};
		84BE3B6723F59D690063F1E4 /* Release */ = {
			isa = XCBuildConfiguration;
			baseConfigurationReference = 73C8C07625B81154F949965C /* Pods-KurnosovWeatherTests.release.xcconfig */;
			buildSettings = {
				ALWAYS_EMBED_SWIFT_STANDARD_LIBRARIES = YES;
				BUNDLE_LOADER = "$(TEST_HOST)";
				CODE_SIGN_STYLE = Automatic;
				DEVELOPMENT_TEAM = 54E375RTHQ;
				INFOPLIST_FILE = KurnosovWeatherTests/Info.plist;
				IPHONEOS_DEPLOYMENT_TARGET = 13.2;
				LD_RUNPATH_SEARCH_PATHS = (
					"$(inherited)",
					"@executable_path/Frameworks",
					"@loader_path/Frameworks",
				);
				PRODUCT_BUNDLE_IDENTIFIER = ru.akthesnipe.KurnosovWeatherTests;
				PRODUCT_NAME = "$(TARGET_NAME)";
				SWIFT_VERSION = 5.0;
				TARGETED_DEVICE_FAMILY = "1,2";
				TEST_HOST = "$(BUILT_PRODUCTS_DIR)/KurnosovWeather.app/KurnosovWeather";
			};
			name = Release;
		};
		84BE3B6923F59D690063F1E4 /* Debug */ = {
			isa = XCBuildConfiguration;
			buildSettings = {
				ALWAYS_EMBED_SWIFT_STANDARD_LIBRARIES = YES;
				CODE_SIGN_STYLE = Automatic;
				DEVELOPMENT_TEAM = 54E375RTHQ;
				INFOPLIST_FILE = KurnosovWeatherUITests/Info.plist;
				LD_RUNPATH_SEARCH_PATHS = (
					"$(inherited)",
					"@executable_path/Frameworks",
					"@loader_path/Frameworks",
				);
				PRODUCT_BUNDLE_IDENTIFIER = ru.akthesnipe.KurnosovWeatherUITests;
				PRODUCT_NAME = "$(TARGET_NAME)";
				SWIFT_VERSION = 5.0;
				TARGETED_DEVICE_FAMILY = "1,2";
				TEST_TARGET_NAME = KurnosovWeather;
			};
			name = Debug;
		};
		84BE3B6A23F59D690063F1E4 /* Release */ = {
			isa = XCBuildConfiguration;
			buildSettings = {
				ALWAYS_EMBED_SWIFT_STANDARD_LIBRARIES = YES;
				CODE_SIGN_STYLE = Automatic;
				DEVELOPMENT_TEAM = 54E375RTHQ;
				INFOPLIST_FILE = KurnosovWeatherUITests/Info.plist;
				LD_RUNPATH_SEARCH_PATHS = (
					"$(inherited)",
					"@executable_path/Frameworks",
					"@loader_path/Frameworks",
				);
				PRODUCT_BUNDLE_IDENTIFIER = ru.akthesnipe.KurnosovWeatherUITests;
				PRODUCT_NAME = "$(TARGET_NAME)";
				SWIFT_VERSION = 5.0;
				TARGETED_DEVICE_FAMILY = "1,2";
				TEST_TARGET_NAME = KurnosovWeather;
			};
			name = Release;
		};
/* End XCBuildConfiguration section */

/* Begin XCConfigurationList section */
		84BE3B3323F59D640063F1E4 /* Build configuration list for PBXProject "KurnosovWeather" */ = {
			isa = XCConfigurationList;
			buildConfigurations = (
				84BE3B6023F59D690063F1E4 /* Debug */,
				84BE3B6123F59D690063F1E4 /* Release */,
			);
			defaultConfigurationIsVisible = 0;
			defaultConfigurationName = Release;
		};
		84BE3B6223F59D690063F1E4 /* Build configuration list for PBXNativeTarget "KurnosovWeather" */ = {
			isa = XCConfigurationList;
			buildConfigurations = (
				84BE3B6323F59D690063F1E4 /* Debug */,
				84BE3B6423F59D690063F1E4 /* Release */,
			);
			defaultConfigurationIsVisible = 0;
			defaultConfigurationName = Release;
		};
		84BE3B6523F59D690063F1E4 /* Build configuration list for PBXNativeTarget "KurnosovWeatherTests" */ = {
			isa = XCConfigurationList;
			buildConfigurations = (
				84BE3B6623F59D690063F1E4 /* Debug */,
				84BE3B6723F59D690063F1E4 /* Release */,
			);
			defaultConfigurationIsVisible = 0;
			defaultConfigurationName = Release;
		};
		84BE3B6823F59D690063F1E4 /* Build configuration list for PBXNativeTarget "KurnosovWeatherUITests" */ = {
			isa = XCConfigurationList;
			buildConfigurations = (
				84BE3B6923F59D690063F1E4 /* Debug */,
				84BE3B6A23F59D690063F1E4 /* Release */,
			);
			defaultConfigurationIsVisible = 0;
			defaultConfigurationName = Release;
		};
/* End XCConfigurationList section */
	};
	rootObject = 84BE3B3023F59D640063F1E4 /* Project object */;
}
